
Microsoft Visual Studio Solution File, Format Version 12.00
# Visual Studio 15
VisualStudioVersion = 15.0.27004.2002
MinimumVisualStudioVersion = 10.0.40219.1
Project("{FAE04EC0-301F-11D3-BF4B-00C04F79EFBC}") = "SimCli", "SimCli\SimCli.csproj", "{F78D4DFC-F337-45DA-BC1D-682B165A70CD}"
EndProject
Project("{FAE04EC0-301F-11D3-BF4B-00C04F79EFBC}") = "SimEngine", "SimEngine\SimEngine.csproj", "{411B7337-72C3-4373-B39E-05E6750A872C}"
EndProject
Project("{FAE04EC0-301F-11D3-BF4B-00C04F79EFBC}") = "SimGui", "SimGui\SimGui.csproj", "{8FC7BF04-D424-4D75-B861-597534754D76}"
EndProject
Global
	GlobalSection(SolutionConfigurationPlatforms) = preSolution
		Debug|Any CPU = Debug|Any CPU
		Release|Any CPU = Release|Any CPU
	EndGlobalSection
	GlobalSection(ProjectConfigurationPlatforms) = postSolution
		{F78D4DFC-F337-45DA-BC1D-682B165A70CD}.Debug|Any CPU.ActiveCfg = Debug|Any CPU
		{F78D4DFC-F337-45DA-BC1D-682B165A70CD}.Debug|Any CPU.Build.0 = Debug|Any CPU
		{F78D4DFC-F337-45DA-BC1D-682B165A70CD}.Release|Any CPU.ActiveCfg = Release|Any CPU
		{F78D4DFC-F337-45DA-BC1D-682B165A70CD}.Release|Any CPU.Build.0 = Release|Any CPU
		{411B7337-72C3-4373-B39E-05E6750A872C}.Debug|Any CPU.ActiveCfg = Debug|Any CPU
		{411B7337-72C3-4373-B39E-05E6750A872C}.Debug|Any CPU.Build.0 = Debug|Any CPU
		{411B7337-72C3-4373-B39E-05E6750A872C}.Release|Any CPU.ActiveCfg = Release|Any CPU
		{411B7337-72C3-4373-B39E-05E6750A872C}.Release|Any CPU.Build.0 = Release|Any CPU
		{8FC7BF04-D424-4D75-B861-597534754D76}.Debug|Any CPU.ActiveCfg = Debug|Any CPU
		{8FC7BF04-D424-4D75-B861-597534754D76}.Debug|Any CPU.Build.0 = Debug|Any CPU
		{8FC7BF04-D424-4D75-B861-597534754D76}.Release|Any CPU.ActiveCfg = Release|Any CPU
		{8FC7BF04-D424-4D75-B861-597534754D76}.Release|Any CPU.Build.0 = Release|Any CPU
	EndGlobalSection
	GlobalSection(SolutionProperties) = preSolution
		HideSolutionNode = FALSE
	EndGlobalSection
	GlobalSection(ExtensibilityGlobals) = postSolution
		SolutionGuid = {EFD03E89-EE1E-4373-8F39-4021806FC464}
	EndGlobalSection
EndGlobal
